
Microsoft Visual Studio Solution File, Format Version 12.00
# Visual Studio Version 17
VisualStudioVersion = 17.11.35327.3
MinimumVisualStudioVersion = 10.0.40219.1
Project("{FAE04EC0-301F-11D3-BF4B-00C04F79EFBC}") = "MvcAngular", "MvcAngular\MvcAngular.csproj", "{E5FA56F8-A623-4C49-8070-FB2AF618A56F}"
EndProject
Global
	GlobalSection(SolutionConfigurationPlatforms) = preSolution
		Debug|Any CPU = Debug|Any CPU
		Release|Any CPU = Release|Any CPU
	EndGlobalSection
	GlobalSection(ProjectConfigurationPlatforms) = postSolution
		{E5FA56F8-A623-4C49-8070-FB2AF618A56F}.Debug|Any CPU.ActiveCfg = Debug|Any CPU
		{E5FA56F8-A623-4C49-8070-FB2AF618A56F}.Debug|Any CPU.Build.0 = Debug|Any CPU
		{E5FA56F8-A623-4C49-8070-FB2AF618A56F}.Release|Any CPU.ActiveCfg = Release|Any CPU
		{E5FA56F8-A623-4C49-8070-FB2AF618A56F}.Release|Any CPU.Build.0 = Release|Any CPU
	EndGlobalSection
	GlobalSection(SolutionProperties) = preSolution
		HideSolutionNode = FALSE
	EndGlobalSection
	GlobalSection(ExtensibilityGlobals) = postSolution
		SolutionGuid = {D33193EB-D13D-419E-A38A-0802FEA77C14}
	EndGlobalSection
EndGlobal
